# This file was generated automatically by './generate_artifacts_lock_file.py' from the content
# of artifacts.in.csv. Do not edit this file, edit artifacts.in.csv instead.
#
#           ANY CHANGES MADE HERE WILL BE LOST!
#
# In order to validate locally the data, please refer to the README file located at the root directory of this script.
---
metadata:
  version: '1.0'
artifacts:
- download_url: https://mirror.openshift.com/pub/openshift-v4/x86_64/clients/ocp/latest/openshift-client-linux.tar.gz
  checksum: sha256:932313bab65706173c66bec5b30758e571f711f745ac7da3781478e9183ac0e3
  filename: openshift-client-linux-x86_64.tar.gz
- download_url: https://mirror.openshift.com/pub/openshift-v4/s390x/clients/ocp/latest/openshift-client-linux.tar.gz
  checksum: sha256:026af0b99688b83e6029eed67c56619d016031258af89ba31c0daade726f5225
  filename: openshift-client-linux-s390x.tar.gz
- download_url: https://mirror.openshift.com/pub/openshift-v4/ppc64le/clients/ocp/latest/openshift-client-linux.tar.gz
  checksum: sha256:86e00ebd321add0cc404d1a42e5fbb844f4df8dd1eff3de12fa4c500d8af517e
  filename: openshift-client-linux-ppc64le.tar.gz
- download_url: https://mirror.openshift.com/pub/openshift-v4/aarch64/clients/ocp/latest/openshift-client-linux.tar.gz
  checksum: sha256:a948e9c1f8fb122f10916e5da1f10b958d8cf5a940d09ddf38cf624a2afef4bf
  filename: openshift-client-linux-aarch64.tar.gz
